
Microsoft Visual Studio Solution File, Format Version 12.00
# Visual Studio Version 17
VisualStudioVersion = 17.0.31903.59
MinimumVisualStudioVersion = 10.0.40219.1
Project("{9A19103F-16F7-4668-BE54-9A1E7A4F7556}") = "Domain", "Domain\Domain.csproj", "{943D0E05-1C2C-4168-9858-C581798C9B28}"
EndProject
Project("{9A19103F-16F7-4668-BE54-9A1E7A4F7556}") = "DataAccess", "DataAccess\DataAccess.csproj", "{550850E6-72B8-4BDA-8ECD-0A60471EEB48}"
EndProject
Project("{9A19103F-16F7-4668-BE54-9A1E7A4F7556}") = "API", "API\API.csproj", "{05CF5EE6-2667-4CB4-93EA-06729C2D66BE}"
EndProject
Project("{FAE04EC0-301F-11D3-BF4B-00C04F79EFBC}") = "Tests", "Tests\Tests.csproj", "{3D811F92-0DC8-48B1-8D90-614EB32529BF}"
EndProject
Project("{FAE04EC0-301F-11D3-BF4B-00C04F79EFBC}") = "Application", "Application\Application.csproj", "{429EB6A1-E39E-448B-89D6-B62019A061C1}"
EndProject
Project("{FAE04EC0-301F-11D3-BF4B-00C04F79EFBC}") = "Infrastucture", "Infrastucture\Infrastucture.csproj", "{051AEC8D-B0B3-4FC7-9DA2-683E9423C1C2}"
EndProject
Project("{FAE04EC0-301F-11D3-BF4B-00C04F79EFBC}") = "Infrastructure", "Infrastructure\Infrastructure.csproj", "{C929C365-D04F-493D-BC51-CA6A05CE44C9}"
EndProject
Global
	GlobalSection(SolutionConfigurationPlatforms) = preSolution
		Debug|Any CPU = Debug|Any CPU
		Release|Any CPU = Release|Any CPU
	EndGlobalSection
	GlobalSection(ProjectConfigurationPlatforms) = postSolution
		{943D0E05-1C2C-4168-9858-C581798C9B28}.Debug|Any CPU.ActiveCfg = Debug|Any CPU
		{943D0E05-1C2C-4168-9858-C581798C9B28}.Debug|Any CPU.Build.0 = Debug|Any CPU
		{943D0E05-1C2C-4168-9858-C581798C9B28}.Release|Any CPU.ActiveCfg = Release|Any CPU
		{943D0E05-1C2C-4168-9858-C581798C9B28}.Release|Any CPU.Build.0 = Release|Any CPU
		{550850E6-72B8-4BDA-8ECD-0A60471EEB48}.Debug|Any CPU.ActiveCfg = Debug|Any CPU
		{550850E6-72B8-4BDA-8ECD-0A60471EEB48}.Debug|Any CPU.Build.0 = Debug|Any CPU
		{550850E6-72B8-4BDA-8ECD-0A60471EEB48}.Release|Any CPU.ActiveCfg = Release|Any CPU
		{550850E6-72B8-4BDA-8ECD-0A60471EEB48}.Release|Any CPU.Build.0 = Release|Any CPU
		{05CF5EE6-2667-4CB4-93EA-06729C2D66BE}.Debug|Any CPU.ActiveCfg = Debug|Any CPU
		{05CF5EE6-2667-4CB4-93EA-06729C2D66BE}.Debug|Any CPU.Build.0 = Debug|Any CPU
		{05CF5EE6-2667-4CB4-93EA-06729C2D66BE}.Release|Any CPU.ActiveCfg = Release|Any CPU
		{05CF5EE6-2667-4CB4-93EA-06729C2D66BE}.Release|Any CPU.Build.0 = Release|Any CPU
		{3D811F92-0DC8-48B1-8D90-614EB32529BF}.Debug|Any CPU.ActiveCfg = Debug|Any CPU
		{3D811F92-0DC8-48B1-8D90-614EB32529BF}.Debug|Any CPU.Build.0 = Debug|Any CPU
		{3D811F92-0DC8-48B1-8D90-614EB32529BF}.Release|Any CPU.ActiveCfg = Release|Any CPU
		{3D811F92-0DC8-48B1-8D90-614EB32529BF}.Release|Any CPU.Build.0 = Release|Any CPU
		{429EB6A1-E39E-448B-89D6-B62019A061C1}.Debug|Any CPU.ActiveCfg = Debug|Any CPU
		{429EB6A1-E39E-448B-89D6-B62019A061C1}.Debug|Any CPU.Build.0 = Debug|Any CPU
		{C929C365-D04F-493D-BC51-CA6A05CE44C9}.Debug|Any CPU.ActiveCfg = Debug|Any CPU
		{C929C365-D04F-493D-BC51-CA6A05CE44C9}.Debug|Any CPU.Build.0 = Debug|Any CPU
		{C929C365-D04F-493D-BC51-CA6A05CE44C9}.Release|Any CPU.ActiveCfg = Release|Any CPU
		{C929C365-D04F-493D-BC51-CA6A05CE44C9}.Release|Any CPU.Build.0 = Release|Any CPU
		{051AEC8D-B0B3-4FC7-9DA2-683E9423C1C2}.Debug|Any CPU.ActiveCfg = Debug|Any CPU
		{051AEC8D-B0B3-4FC7-9DA2-683E9423C1C2}.Debug|Any CPU.Build.0 = Debug|Any CPU
	EndGlobalSection
	GlobalSection(SolutionProperties) = preSolution
		HideSolutionNode = FALSE
	EndGlobalSection
	GlobalSection(ExtensibilityGlobals) = postSolution
		SolutionGuid = {2814C499-8B05-4BBA-B8AA-86C0A8030372}
	EndGlobalSection
EndGlobal
